<?xml version="1.0" encoding="utf-8"?>
<Project ToolsVersion="16.0" xmlns="http://schemas.microsoft.com/developer/msbuild/2003">
  <ItemGroup>
    <ClCompile Include="C:\Users\x7air\Documents\Coding\BedrockEditionMod\BedrockModNative\lib\Dyncall\dyncall\dyncall_vector.c">
      <Filter>Source Files</Filter>
    </ClCompile>
    <ClCompile Include="C:\Users\x7air\Documents\Coding\BedrockEditionMod\BedrockModNative\lib\Dyncall\dyncall\dyncall_struct.c">
      <Filter>Source Files</Filter>
    </ClCompile>
    <ClCompile Include="C:\Users\x7air\Documents\Coding\BedrockEditionMod\BedrockModNative\lib\Dyncall\dyncall\dyncall_api.c">
      <Filter>Source Files</Filter>
    </ClCompile>
    <ClCompile Include="C:\Users\x7air\Documents\Coding\BedrockEditionMod\BedrockModNative\lib\Dyncall\dyncall\dyncall_callvm.c">
      <Filter>Source Files</Filter>
    </ClCompile>
    <ClCompile Include="C:\Users\x7air\Documents\Coding\BedrockEditionMod\BedrockModNative\lib\Dyncall\dyncall\dyncall_callvm_base.c">
      <Filter>Source Files</Filter>
    </ClCompile>
    <ClCompile Include="C:\Users\x7air\Documents\Coding\BedrockEditionMod\BedrockModNative\lib\Dyncall\dyncall\dyncall_callf.c">
      <Filter>Source Files</Filter>
    </ClCompile>
  </ItemGroup>
  <ItemGroup>
    <CustomBuild Include="C:\Users\x7air\Documents\Coding\BedrockEditionMod\BedrockModNative\lib\Dyncall\dyncall\CMakeLists.txt" />
  </ItemGroup>
  <ItemGroup>
    <MASM Include="C:\Users\x7air\Documents\Coding\BedrockEditionMod\BedrockModNative\lib\Dyncall\dyncall\dyncall_call_x64_generic_masm.asm" />
  </ItemGroup>
  <ItemGroup>
    <Filter Include="Source Files">
      <UniqueIdentifier>{8536C15E-F95E-3A30-9127-D8D4A70BF704}</UniqueIdentifier>
    </Filter>
  </ItemGroup>
</Project>
