<?xml version="1.0" encoding="utf-8"?>
<Project ToolsVersion="16.0" xmlns="http://schemas.microsoft.com/developer/msbuild/2003">
  <ItemGroup>
    <ClCompile Include="C:\Users\x7air\Documents\Coding\BedrockEditionMod\BedrockModNative\src\BedrockMod.cpp">
      <Filter>Source Files</Filter>
    </ClCompile>
    <ClCompile Include="C:\Users\x7air\Documents\Coding\BedrockEditionMod\BedrockModNative\src\dllmain.cpp">
      <Filter>Source Files</Filter>
    </ClCompile>
    <ClCompile Include="C:\Users\x7air\Documents\Coding\BedrockEditionMod\BedrockModNative\src\Function.cpp">
      <Filter>Source Files</Filter>
    </ClCompile>
    <ClCompile Include="C:\Users\x7air\Documents\Coding\BedrockEditionMod\BedrockModNative\src\Helper.cpp">
      <Filter>Source Files</Filter>
    </ClCompile>
    <ClCompile Include="C:\Users\x7air\Documents\Coding\BedrockEditionMod\BedrockModNative\src\Hooks.cpp">
      <Filter>Source Files</Filter>
    </ClCompile>
  </ItemGroup>
  <ItemGroup>
    <ClInclude Include="C:\Users\x7air\Documents\Coding\BedrockEditionMod\BedrockModNative\src\BedrockMod.h">
      <Filter>Header Files</Filter>
    </ClInclude>
    <ClInclude Include="C:\Users\x7air\Documents\Coding\BedrockEditionMod\BedrockModNative\src\Function.h">
      <Filter>Header Files</Filter>
    </ClInclude>
    <ClInclude Include="C:\Users\x7air\Documents\Coding\BedrockEditionMod\BedrockModNative\src\Helper.h">
      <Filter>Header Files</Filter>
    </ClInclude>
    <ClInclude Include="C:\Users\x7air\Documents\Coding\BedrockEditionMod\BedrockModNative\src\Hooks.h">
      <Filter>Header Files</Filter>
    </ClInclude>
  </ItemGroup>
  <ItemGroup>
    <CustomBuild Include="C:\Users\x7air\Documents\Coding\BedrockEditionMod\BedrockModNative\src\CMakeLists.txt" />
  </ItemGroup>
  <ItemGroup>
    <MASM Include="C:\Users\x7air\Documents\Coding\BedrockEditionMod\BedrockModNative\src\dbghelp.asm" />
  </ItemGroup>
  <ItemGroup>
    <None Include="C:\Users\x7air\Documents\Coding\BedrockEditionMod\BedrockModNative\src\dbghelp.def">
      <Filter>Source Files</Filter>
    </None>
  </ItemGroup>
  <ItemGroup>
    <Filter Include="Header Files">
      <UniqueIdentifier>{2C5DA06A-38BB-3641-A691-C96628DB50D6}</UniqueIdentifier>
    </Filter>
    <Filter Include="Source Files">
      <UniqueIdentifier>{8536C15E-F95E-3A30-9127-D8D4A70BF704}</UniqueIdentifier>
    </Filter>
  </ItemGroup>
</Project>
