
Microsoft Visual Studio Solution File, Format Version 12.00
# Visual Studio Version 16
Project("{8BC9CEB8-8B4A-11D0-8D11-00A0C91BC942}") = "ALL_BUILD", "ALL_BUILD.vcxproj", "{4808CC16-D296-3E25-98CE-EFF45FE6D8A7}"
	ProjectSection(ProjectDependencies) = postProject
		{1FDAF4C1-6489-3140-9AA7-4F0228390945} = {1FDAF4C1-6489-3140-9AA7-4F0228390945}
		{5C9223D3-942C-3AB2-88A0-85B8EFA123A6} = {5C9223D3-942C-3AB2-88A0-85B8EFA123A6}
		{0B46FE80-AC41-363D-987C-09E2DF4B17F7} = {0B46FE80-AC41-363D-987C-09E2DF4B17F7}
		{D7D20986-3F33-3637-90A9-B2A872D3AE69} = {D7D20986-3F33-3637-90A9-B2A872D3AE69}
		{8A747196-33BB-30AC-82B9-D6BB2B418A82} = {8A747196-33BB-30AC-82B9-D6BB2B418A82}
		{97BEE319-8B36-36D7-A9FA-30BDFE1BE1CB} = {97BEE319-8B36-36D7-A9FA-30BDFE1BE1CB}
		{FC6E66AF-E4B9-32B8-AA85-D6B48536D4B4} = {FC6E66AF-E4B9-32B8-AA85-D6B48536D4B4}
		{955373B8-4D5B-340B-A804-381C905C8665} = {955373B8-4D5B-340B-A804-381C905C8665}
	EndProjectSection
EndProject
Project("{8BC9CEB8-8B4A-11D0-8D11-00A0C91BC942}") = "ZERO_CHECK", "ZERO_CHECK.vcxproj", "{1FDAF4C1-6489-3140-9AA7-4F0228390945}"
	ProjectSection(ProjectDependencies) = postProject
	EndProjectSection
EndProject
Project("{8BC9CEB8-8B4A-11D0-8D11-00A0C91BC942}") = "dbghelp", "src\dbghelp.vcxproj", "{5C9223D3-942C-3AB2-88A0-85B8EFA123A6}"
	ProjectSection(ProjectDependencies) = postProject
		{1FDAF4C1-6489-3140-9AA7-4F0228390945} = {1FDAF4C1-6489-3140-9AA7-4F0228390945}
		{8A747196-33BB-30AC-82B9-D6BB2B418A82} = {8A747196-33BB-30AC-82B9-D6BB2B418A82}
	EndProjectSection
EndProject
Project("{8BC9CEB8-8B4A-11D0-8D11-00A0C91BC942}") = "dllsample", "lib\Detours\dllsample\dllsample.vcxproj", "{0B46FE80-AC41-363D-987C-09E2DF4B17F7}"
	ProjectSection(ProjectDependencies) = postProject
		{1FDAF4C1-6489-3140-9AA7-4F0228390945} = {1FDAF4C1-6489-3140-9AA7-4F0228390945}
		{8A747196-33BB-30AC-82B9-D6BB2B418A82} = {8A747196-33BB-30AC-82B9-D6BB2B418A82}
	EndProjectSection
EndProject
Project("{8BC9CEB8-8B4A-11D0-8D11-00A0C91BC942}") = "dummy", "lib\Detours\dllsample\dummy.vcxproj", "{D7D20986-3F33-3637-90A9-B2A872D3AE69}"
	ProjectSection(ProjectDependencies) = postProject
		{1FDAF4C1-6489-3140-9AA7-4F0228390945} = {1FDAF4C1-6489-3140-9AA7-4F0228390945}
	EndProjectSection
EndProject
Project("{8BC9CEB8-8B4A-11D0-8D11-00A0C91BC942}") = "lib_detours", "lib\Detours\3rdparty\detours_lib\lib_detours.vcxproj", "{8A747196-33BB-30AC-82B9-D6BB2B418A82}"
	ProjectSection(ProjectDependencies) = postProject
		{1FDAF4C1-6489-3140-9AA7-4F0228390945} = {1FDAF4C1-6489-3140-9AA7-4F0228390945}
	EndProjectSection
EndProject
Project("{8BC9CEB8-8B4A-11D0-8D11-00A0C91BC942}") = "runwithdll", "lib\Detours\dllsample\runwithdll.vcxproj", "{97BEE319-8B36-36D7-A9FA-30BDFE1BE1CB}"
	ProjectSection(ProjectDependencies) = postProject
		{1FDAF4C1-6489-3140-9AA7-4F0228390945} = {1FDAF4C1-6489-3140-9AA7-4F0228390945}
		{8A747196-33BB-30AC-82B9-D6BB2B418A82} = {8A747196-33BB-30AC-82B9-D6BB2B418A82}
	EndProjectSection
EndProject
Project("{8BC9CEB8-8B4A-11D0-8D11-00A0C91BC942}") = "simple", "lib\Detours\simple\simple.vcxproj", "{FC6E66AF-E4B9-32B8-AA85-D6B48536D4B4}"
	ProjectSection(ProjectDependencies) = postProject
		{1FDAF4C1-6489-3140-9AA7-4F0228390945} = {1FDAF4C1-6489-3140-9AA7-4F0228390945}
		{8A747196-33BB-30AC-82B9-D6BB2B418A82} = {8A747196-33BB-30AC-82B9-D6BB2B418A82}
	EndProjectSection
EndProject
Project("{8BC9CEB8-8B4A-11D0-8D11-00A0C91BC942}") = "withdll", "lib\Detours\3rdparty\detours_lib\withdll.vcxproj", "{955373B8-4D5B-340B-A804-381C905C8665}"
	ProjectSection(ProjectDependencies) = postProject
		{1FDAF4C1-6489-3140-9AA7-4F0228390945} = {1FDAF4C1-6489-3140-9AA7-4F0228390945}
		{8A747196-33BB-30AC-82B9-D6BB2B418A82} = {8A747196-33BB-30AC-82B9-D6BB2B418A82}
	EndProjectSection
EndProject
Global
	GlobalSection(SolutionConfigurationPlatforms) = preSolution
		Debug|x64 = Debug|x64
	EndGlobalSection
	GlobalSection(ProjectConfigurationPlatforms) = postSolution
		{4808CC16-D296-3E25-98CE-EFF45FE6D8A7}.Debug|x64.ActiveCfg = Debug|x64
		{1FDAF4C1-6489-3140-9AA7-4F0228390945}.Debug|x64.ActiveCfg = Debug|x64
		{1FDAF4C1-6489-3140-9AA7-4F0228390945}.Debug|x64.Build.0 = Debug|x64
		{5C9223D3-942C-3AB2-88A0-85B8EFA123A6}.Debug|x64.ActiveCfg = Debug|x64
		{5C9223D3-942C-3AB2-88A0-85B8EFA123A6}.Debug|x64.Build.0 = Debug|x64
		{0B46FE80-AC41-363D-987C-09E2DF4B17F7}.Debug|x64.ActiveCfg = Debug|x64
		{0B46FE80-AC41-363D-987C-09E2DF4B17F7}.Debug|x64.Build.0 = Debug|x64
		{D7D20986-3F33-3637-90A9-B2A872D3AE69}.Debug|x64.ActiveCfg = Debug|x64
		{D7D20986-3F33-3637-90A9-B2A872D3AE69}.Debug|x64.Build.0 = Debug|x64
		{8A747196-33BB-30AC-82B9-D6BB2B418A82}.Debug|x64.ActiveCfg = Debug|x64
		{8A747196-33BB-30AC-82B9-D6BB2B418A82}.Debug|x64.Build.0 = Debug|x64
		{97BEE319-8B36-36D7-A9FA-30BDFE1BE1CB}.Debug|x64.ActiveCfg = Debug|x64
		{97BEE319-8B36-36D7-A9FA-30BDFE1BE1CB}.Debug|x64.Build.0 = Debug|x64
		{FC6E66AF-E4B9-32B8-AA85-D6B48536D4B4}.Debug|x64.ActiveCfg = Debug|x64
		{FC6E66AF-E4B9-32B8-AA85-D6B48536D4B4}.Debug|x64.Build.0 = Debug|x64
		{955373B8-4D5B-340B-A804-381C905C8665}.Debug|x64.ActiveCfg = Debug|x64
		{955373B8-4D5B-340B-A804-381C905C8665}.Debug|x64.Build.0 = Debug|x64
	EndGlobalSection
	GlobalSection(ExtensibilityGlobals) = postSolution
		SolutionGuid = {02F58B73-F683-3E2C-9178-272D4D579203}
	EndGlobalSection
	GlobalSection(ExtensibilityAddIns) = postSolution
	EndGlobalSection
EndGlobal
